
Microsoft Visual Studio Solution File, Format Version 12.00
# Visual Studio 15
VisualStudioVersion = 15.0.28010.2026
MinimumVisualStudioVersion = 10.0.40219.1
Project("{FAE04EC0-301F-11D3-BF4B-00C04F79EFBC}") = "Vk.CSharp.Sdk.App", "Vk.CSharp.Sdk.App\Vk.CSharp.Sdk.App.csproj", "{7E0238BA-DD32-451A-9D2E-B5A0618F1EC3}"
EndProject
Project("{FAE04EC0-301F-11D3-BF4B-00C04F79EFBC}") = "Vk.CSharp.Sdk", "Vk.CSharp.Sdk\Vk.CSharp.Sdk.csproj", "{1AD3D7B2-2534-4717-B4D6-954D8D1128A3}"
EndProject
Project("{FAE04EC0-301F-11D3-BF4B-00C04F79EFBC}") = "Vk.CSharp.Sdk.Tests", "Vk.CSharp.Sdk.Tests\Vk.CSharp.Sdk.Tests.csproj", "{90782236-68F7-494D-BB8D-D1A1654062F9}"
EndProject
Global
	GlobalSection(SolutionConfigurationPlatforms) = preSolution
		Debug|Any CPU = Debug|Any CPU
		Release|Any CPU = Release|Any CPU
	EndGlobalSection
	GlobalSection(ProjectConfigurationPlatforms) = postSolution
		{7E0238BA-DD32-451A-9D2E-B5A0618F1EC3}.Debug|Any CPU.ActiveCfg = Debug|Any CPU
		{7E0238BA-DD32-451A-9D2E-B5A0618F1EC3}.Debug|Any CPU.Build.0 = Debug|Any CPU
		{7E0238BA-DD32-451A-9D2E-B5A0618F1EC3}.Release|Any CPU.ActiveCfg = Release|Any CPU
		{7E0238BA-DD32-451A-9D2E-B5A0618F1EC3}.Release|Any CPU.Build.0 = Release|Any CPU
		{1AD3D7B2-2534-4717-B4D6-954D8D1128A3}.Debug|Any CPU.ActiveCfg = Debug|Any CPU
		{1AD3D7B2-2534-4717-B4D6-954D8D1128A3}.Debug|Any CPU.Build.0 = Debug|Any CPU
		{1AD3D7B2-2534-4717-B4D6-954D8D1128A3}.Release|Any CPU.ActiveCfg = Release|Any CPU
		{1AD3D7B2-2534-4717-B4D6-954D8D1128A3}.Release|Any CPU.Build.0 = Release|Any CPU
		{90782236-68F7-494D-BB8D-D1A1654062F9}.Debug|Any CPU.ActiveCfg = Debug|Any CPU
		{90782236-68F7-494D-BB8D-D1A1654062F9}.Debug|Any CPU.Build.0 = Debug|Any CPU
		{90782236-68F7-494D-BB8D-D1A1654062F9}.Release|Any CPU.ActiveCfg = Release|Any CPU
		{90782236-68F7-494D-BB8D-D1A1654062F9}.Release|Any CPU.Build.0 = Release|Any CPU
	EndGlobalSection
	GlobalSection(SolutionProperties) = preSolution
		HideSolutionNode = FALSE
	EndGlobalSection
	GlobalSection(ExtensibilityGlobals) = postSolution
		SolutionGuid = {CC95CDF4-EF82-4B6A-81DC-CB447EC7F0D1}
	EndGlobalSection
EndGlobal
